
Microsoft Visual Studio Solution File, Format Version 12.00
# Visual Studio Version 17
VisualStudioVersion = 17.9.34728.123
MinimumVisualStudioVersion = 10.0.40219.1
Project("{FAE04EC0-301F-11D3-BF4B-00C04F79EFBC}") = "MusicSchool", "MusicSchool\MusicSchool.csproj", "{64CBF50A-6AD4-4B3C-925A-3314716F8586}"
EndProject
Global
	GlobalSection(SolutionConfigurationPlatforms) = preSolution
		Debug|Any CPU = Debug|Any CPU
		Release|Any CPU = Release|Any CPU
	EndGlobalSection
	GlobalSection(ProjectConfigurationPlatforms) = postSolution
		{64CBF50A-6AD4-4B3C-925A-3314716F8586}.Debug|Any CPU.ActiveCfg = Debug|Any CPU
		{64CBF50A-6AD4-4B3C-925A-3314716F8586}.Debug|Any CPU.Build.0 = Debug|Any CPU
		{64CBF50A-6AD4-4B3C-925A-3314716F8586}.Release|Any CPU.ActiveCfg = Release|Any CPU
		{64CBF50A-6AD4-4B3C-925A-3314716F8586}.Release|Any CPU.Build.0 = Release|Any CPU
	EndGlobalSection
	GlobalSection(SolutionProperties) = preSolution
		HideSolutionNode = FALSE
	EndGlobalSection
	GlobalSection(ExtensibilityGlobals) = postSolution
		SolutionGuid = {87147BE7-D920-46FA-9D66-0D4F8CD73D14}
	EndGlobalSection
EndGlobal
